
Microsoft Visual Studio Solution File, Format Version 12.00
# Visual Studio Version 17
VisualStudioVersion = 17.6.33815.320
MinimumVisualStudioVersion = 10.0.40219.1
Project("{9A19103F-16F7-4668-BE54-9A1E7A4F7556}") = "Capstone.DAL", "src\Capstone.DAL\Capstone.DAL.csproj", "{5E28C2F7-8236-4CD6-BCF0-56C2A4DC79B6}"
EndProject
Project("{9A19103F-16F7-4668-BE54-9A1E7A4F7556}") = "Capstone.WebMVC", "src\Capstone.WebMVC\Capstone.WebMVC.csproj", "{1F19B056-FADD-4FD7-8F56-1C1AC054FCD4}"
EndProject
Project("{9A19103F-16F7-4668-BE54-9A1E7A4F7556}") = "Capstone.ReadModels", "src\Capstone.ReadModels\Capstone.ReadModels.csproj", "{3A3CFE51-0099-4EE9-9357-B3D00DC2C04C}"
EndProject
Project("{9A19103F-16F7-4668-BE54-9A1E7A4F7556}") = "Capstone.WebAPI", "src\Capstone.WebAPI\Capstone.WebAPI.csproj", "{B0973E87-8268-432E-8C7B-FB0393F24C26}"
EndProject
Project("{00D1A9C2-B5F0-4AF3-8072-F6C62B433612}") = "Capstone.Database", "src\Capstone.Database\Capstone.Database.sqlproj", "{E13CF157-85E3-4C6B-9F12-08E713670AB8}"
EndProject
Project("{9A19103F-16F7-4668-BE54-9A1E7A4F7556}") = "Capstone.WebMvcAuthentication", "src\Capstone.WebMvcAuthentication\Capstone.WebMvcAuthentication.csproj", "{5FCC638D-6878-484A-8EA1-AE102C73C6C5}"
EndProject
Project("{9A19103F-16F7-4668-BE54-9A1E7A4F7556}") = "Capstone.WorkerService", "src\Capstone.WorkerService\Capstone.WorkerService.csproj", "{3A79C502-2CEF-46B7-B9C3-170431912E58}"
EndProject
Project("{9A19103F-16F7-4668-BE54-9A1E7A4F7556}") = "Practice.TimerTriggerFunctionApp", "src\Practice.TimerTriggerFunctionApp\Practice.TimerTriggerFunctionApp.csproj", "{EA27EDD4-1AE9-484E-B211-BE736ED7EB01}"
EndProject
Project("{9A19103F-16F7-4668-BE54-9A1E7A4F7556}") = "Practice.AsyncTraining", "src\Practice.AsyncTraining\Practice.AsyncTraining.csproj", "{A4BD25C6-DB3D-4168-84CA-AB8AE5B33C22}"
EndProject
Project("{9A19103F-16F7-4668-BE54-9A1E7A4F7556}") = "DesignPattern.Singleton", "src\DesignPattern.Singleton\DesignPattern.Singleton.csproj", "{8ABDD11F-0F3D-4586-BB6C-97557F8FCFD1}"
EndProject
Project("{9A19103F-16F7-4668-BE54-9A1E7A4F7556}") = "DesignPattern.AbstractFactory", "src\DesignPattern.AbstractFactory\DesignPattern.AbstractFactory.csproj", "{029EAE24-646F-4B82-A0B9-79E3C03ECF4B}"
EndProject
Project("{9A19103F-16F7-4668-BE54-9A1E7A4F7556}") = "DesignPattern.AdapterPattern", "src\DesignPattern.AdapterPattern\DesignPattern.AdapterPattern.csproj", "{15444592-514A-44CD-AEC8-3EDB3AE87A9E}"
EndProject
Project("{9A19103F-16F7-4668-BE54-9A1E7A4F7556}") = "DesignPattern.FactoryPattern", "src\DesignPattern.FactoryPattern\DesignPattern.FactoryPattern.csproj", "{FD6A6433-D965-4D34-BD19-FFAB335EDDDD}"
EndProject
Project("{9A19103F-16F7-4668-BE54-9A1E7A4F7556}") = "Starter", "src\Starter\Starter.csproj", "{09EB31D0-CF3B-4CD2-BC60-2F568C342BD7}"
EndProject
Project("{2150E333-8FDC-42A3-9474-1A3956D46DE8}") = "src", "src", "{631C43A3-5481-4553-8B62-019578D8C9D4}"
EndProject
Project("{2150E333-8FDC-42A3-9474-1A3956D46DE8}") = "tests", "tests", "{458D3563-674A-4C8F-AA52-D84C2436513D}"
EndProject
Project("{9A19103F-16F7-4668-BE54-9A1E7A4F7556}") = "Practice.CityInfo.API", "src\Practice.CityInfo.API\Practice.CityInfo.API.csproj", "{8A94676A-1507-433B-BCE4-0E36FB50B75B}"
EndProject
Project("{9A19103F-16F7-4668-BE54-9A1E7A4F7556}") = "DesignPattern.Common", "src\DesignPattern.Common\DesignPattern.Common.csproj", "{46DFFCA0-D14F-4846-BB28-7E5F3BF6AB4F}"
EndProject
Project("{9A19103F-16F7-4668-BE54-9A1E7A4F7556}") = "DesignPattern.Command", "src\DesignPattern.Command\DesignPattern.Command.csproj", "{E304A2A6-897C-48E6-AAEE-C454B1C3AEED}"
EndProject
Global
	GlobalSection(SolutionConfigurationPlatforms) = preSolution
		Debug|Any CPU = Debug|Any CPU
		Release|Any CPU = Release|Any CPU
	EndGlobalSection
	GlobalSection(ProjectConfigurationPlatforms) = postSolution
		{5E28C2F7-8236-4CD6-BCF0-56C2A4DC79B6}.Debug|Any CPU.ActiveCfg = Debug|Any CPU
		{5E28C2F7-8236-4CD6-BCF0-56C2A4DC79B6}.Debug|Any CPU.Build.0 = Debug|Any CPU
		{5E28C2F7-8236-4CD6-BCF0-56C2A4DC79B6}.Release|Any CPU.ActiveCfg = Release|Any CPU
		{5E28C2F7-8236-4CD6-BCF0-56C2A4DC79B6}.Release|Any CPU.Build.0 = Release|Any CPU
		{1F19B056-FADD-4FD7-8F56-1C1AC054FCD4}.Debug|Any CPU.ActiveCfg = Debug|Any CPU
		{1F19B056-FADD-4FD7-8F56-1C1AC054FCD4}.Debug|Any CPU.Build.0 = Debug|Any CPU
		{1F19B056-FADD-4FD7-8F56-1C1AC054FCD4}.Release|Any CPU.ActiveCfg = Release|Any CPU
		{1F19B056-FADD-4FD7-8F56-1C1AC054FCD4}.Release|Any CPU.Build.0 = Release|Any CPU
		{3A3CFE51-0099-4EE9-9357-B3D00DC2C04C}.Debug|Any CPU.ActiveCfg = Debug|Any CPU
		{3A3CFE51-0099-4EE9-9357-B3D00DC2C04C}.Debug|Any CPU.Build.0 = Debug|Any CPU
		{3A3CFE51-0099-4EE9-9357-B3D00DC2C04C}.Release|Any CPU.ActiveCfg = Release|Any CPU
		{3A3CFE51-0099-4EE9-9357-B3D00DC2C04C}.Release|Any CPU.Build.0 = Release|Any CPU
		{B0973E87-8268-432E-8C7B-FB0393F24C26}.Debug|Any CPU.ActiveCfg = Debug|Any CPU
		{B0973E87-8268-432E-8C7B-FB0393F24C26}.Debug|Any CPU.Build.0 = Debug|Any CPU
		{B0973E87-8268-432E-8C7B-FB0393F24C26}.Release|Any CPU.ActiveCfg = Release|Any CPU
		{B0973E87-8268-432E-8C7B-FB0393F24C26}.Release|Any CPU.Build.0 = Release|Any CPU
		{E13CF157-85E3-4C6B-9F12-08E713670AB8}.Debug|Any CPU.ActiveCfg = Debug|Any CPU
		{E13CF157-85E3-4C6B-9F12-08E713670AB8}.Debug|Any CPU.Build.0 = Debug|Any CPU
		{E13CF157-85E3-4C6B-9F12-08E713670AB8}.Debug|Any CPU.Deploy.0 = Debug|Any CPU
		{E13CF157-85E3-4C6B-9F12-08E713670AB8}.Release|Any CPU.ActiveCfg = Release|Any CPU
		{E13CF157-85E3-4C6B-9F12-08E713670AB8}.Release|Any CPU.Build.0 = Release|Any CPU
		{E13CF157-85E3-4C6B-9F12-08E713670AB8}.Release|Any CPU.Deploy.0 = Release|Any CPU
		{5FCC638D-6878-484A-8EA1-AE102C73C6C5}.Debug|Any CPU.ActiveCfg = Debug|Any CPU
		{5FCC638D-6878-484A-8EA1-AE102C73C6C5}.Debug|Any CPU.Build.0 = Debug|Any CPU
		{5FCC638D-6878-484A-8EA1-AE102C73C6C5}.Release|Any CPU.ActiveCfg = Release|Any CPU
		{5FCC638D-6878-484A-8EA1-AE102C73C6C5}.Release|Any CPU.Build.0 = Release|Any CPU
		{3A79C502-2CEF-46B7-B9C3-170431912E58}.Debug|Any CPU.ActiveCfg = Debug|Any CPU
		{3A79C502-2CEF-46B7-B9C3-170431912E58}.Debug|Any CPU.Build.0 = Debug|Any CPU
		{3A79C502-2CEF-46B7-B9C3-170431912E58}.Release|Any CPU.ActiveCfg = Release|Any CPU
		{3A79C502-2CEF-46B7-B9C3-170431912E58}.Release|Any CPU.Build.0 = Release|Any CPU
		{EA27EDD4-1AE9-484E-B211-BE736ED7EB01}.Debug|Any CPU.ActiveCfg = Debug|Any CPU
		{EA27EDD4-1AE9-484E-B211-BE736ED7EB01}.Debug|Any CPU.Build.0 = Debug|Any CPU
		{EA27EDD4-1AE9-484E-B211-BE736ED7EB01}.Release|Any CPU.ActiveCfg = Release|Any CPU
		{EA27EDD4-1AE9-484E-B211-BE736ED7EB01}.Release|Any CPU.Build.0 = Release|Any CPU
		{A4BD25C6-DB3D-4168-84CA-AB8AE5B33C22}.Debug|Any CPU.ActiveCfg = Debug|Any CPU
		{A4BD25C6-DB3D-4168-84CA-AB8AE5B33C22}.Debug|Any CPU.Build.0 = Debug|Any CPU
		{A4BD25C6-DB3D-4168-84CA-AB8AE5B33C22}.Release|Any CPU.ActiveCfg = Release|Any CPU
		{A4BD25C6-DB3D-4168-84CA-AB8AE5B33C22}.Release|Any CPU.Build.0 = Release|Any CPU
		{8ABDD11F-0F3D-4586-BB6C-97557F8FCFD1}.Debug|Any CPU.ActiveCfg = Debug|Any CPU
		{8ABDD11F-0F3D-4586-BB6C-97557F8FCFD1}.Debug|Any CPU.Build.0 = Debug|Any CPU
		{8ABDD11F-0F3D-4586-BB6C-97557F8FCFD1}.Release|Any CPU.ActiveCfg = Release|Any CPU
		{8ABDD11F-0F3D-4586-BB6C-97557F8FCFD1}.Release|Any CPU.Build.0 = Release|Any CPU
		{029EAE24-646F-4B82-A0B9-79E3C03ECF4B}.Debug|Any CPU.ActiveCfg = Debug|Any CPU
		{029EAE24-646F-4B82-A0B9-79E3C03ECF4B}.Debug|Any CPU.Build.0 = Debug|Any CPU
		{029EAE24-646F-4B82-A0B9-79E3C03ECF4B}.Release|Any CPU.ActiveCfg = Release|Any CPU
		{029EAE24-646F-4B82-A0B9-79E3C03ECF4B}.Release|Any CPU.Build.0 = Release|Any CPU
		{15444592-514A-44CD-AEC8-3EDB3AE87A9E}.Debug|Any CPU.ActiveCfg = Debug|Any CPU
		{15444592-514A-44CD-AEC8-3EDB3AE87A9E}.Debug|Any CPU.Build.0 = Debug|Any CPU
		{15444592-514A-44CD-AEC8-3EDB3AE87A9E}.Release|Any CPU.ActiveCfg = Release|Any CPU
		{15444592-514A-44CD-AEC8-3EDB3AE87A9E}.Release|Any CPU.Build.0 = Release|Any CPU
		{FD6A6433-D965-4D34-BD19-FFAB335EDDDD}.Debug|Any CPU.ActiveCfg = Debug|Any CPU
		{FD6A6433-D965-4D34-BD19-FFAB335EDDDD}.Debug|Any CPU.Build.0 = Debug|Any CPU
		{FD6A6433-D965-4D34-BD19-FFAB335EDDDD}.Release|Any CPU.ActiveCfg = Release|Any CPU
		{FD6A6433-D965-4D34-BD19-FFAB335EDDDD}.Release|Any CPU.Build.0 = Release|Any CPU
		{09EB31D0-CF3B-4CD2-BC60-2F568C342BD7}.Debug|Any CPU.ActiveCfg = Debug|Any CPU
		{09EB31D0-CF3B-4CD2-BC60-2F568C342BD7}.Debug|Any CPU.Build.0 = Debug|Any CPU
		{09EB31D0-CF3B-4CD2-BC60-2F568C342BD7}.Release|Any CPU.ActiveCfg = Release|Any CPU
		{09EB31D0-CF3B-4CD2-BC60-2F568C342BD7}.Release|Any CPU.Build.0 = Release|Any CPU
		{8A94676A-1507-433B-BCE4-0E36FB50B75B}.Debug|Any CPU.ActiveCfg = Debug|Any CPU
		{8A94676A-1507-433B-BCE4-0E36FB50B75B}.Debug|Any CPU.Build.0 = Debug|Any CPU
		{8A94676A-1507-433B-BCE4-0E36FB50B75B}.Release|Any CPU.ActiveCfg = Release|Any CPU
		{8A94676A-1507-433B-BCE4-0E36FB50B75B}.Release|Any CPU.Build.0 = Release|Any CPU
		{46DFFCA0-D14F-4846-BB28-7E5F3BF6AB4F}.Debug|Any CPU.ActiveCfg = Debug|Any CPU
		{46DFFCA0-D14F-4846-BB28-7E5F3BF6AB4F}.Debug|Any CPU.Build.0 = Debug|Any CPU
		{46DFFCA0-D14F-4846-BB28-7E5F3BF6AB4F}.Release|Any CPU.ActiveCfg = Release|Any CPU
		{46DFFCA0-D14F-4846-BB28-7E5F3BF6AB4F}.Release|Any CPU.Build.0 = Release|Any CPU
		{E304A2A6-897C-48E6-AAEE-C454B1C3AEED}.Debug|Any CPU.ActiveCfg = Debug|Any CPU
		{E304A2A6-897C-48E6-AAEE-C454B1C3AEED}.Debug|Any CPU.Build.0 = Debug|Any CPU
		{E304A2A6-897C-48E6-AAEE-C454B1C3AEED}.Release|Any CPU.ActiveCfg = Release|Any CPU
		{E304A2A6-897C-48E6-AAEE-C454B1C3AEED}.Release|Any CPU.Build.0 = Release|Any CPU
	EndGlobalSection
	GlobalSection(SolutionProperties) = preSolution
		HideSolutionNode = FALSE
	EndGlobalSection
	GlobalSection(NestedProjects) = preSolution
		{5E28C2F7-8236-4CD6-BCF0-56C2A4DC79B6} = {631C43A3-5481-4553-8B62-019578D8C9D4}
		{1F19B056-FADD-4FD7-8F56-1C1AC054FCD4} = {631C43A3-5481-4553-8B62-019578D8C9D4}
		{3A3CFE51-0099-4EE9-9357-B3D00DC2C04C} = {631C43A3-5481-4553-8B62-019578D8C9D4}
		{B0973E87-8268-432E-8C7B-FB0393F24C26} = {631C43A3-5481-4553-8B62-019578D8C9D4}
		{E13CF157-85E3-4C6B-9F12-08E713670AB8} = {631C43A3-5481-4553-8B62-019578D8C9D4}
		{5FCC638D-6878-484A-8EA1-AE102C73C6C5} = {631C43A3-5481-4553-8B62-019578D8C9D4}
		{3A79C502-2CEF-46B7-B9C3-170431912E58} = {631C43A3-5481-4553-8B62-019578D8C9D4}
		{EA27EDD4-1AE9-484E-B211-BE736ED7EB01} = {631C43A3-5481-4553-8B62-019578D8C9D4}
		{A4BD25C6-DB3D-4168-84CA-AB8AE5B33C22} = {631C43A3-5481-4553-8B62-019578D8C9D4}
		{8ABDD11F-0F3D-4586-BB6C-97557F8FCFD1} = {631C43A3-5481-4553-8B62-019578D8C9D4}
		{029EAE24-646F-4B82-A0B9-79E3C03ECF4B} = {631C43A3-5481-4553-8B62-019578D8C9D4}
		{15444592-514A-44CD-AEC8-3EDB3AE87A9E} = {631C43A3-5481-4553-8B62-019578D8C9D4}
		{FD6A6433-D965-4D34-BD19-FFAB335EDDDD} = {631C43A3-5481-4553-8B62-019578D8C9D4}
		{09EB31D0-CF3B-4CD2-BC60-2F568C342BD7} = {631C43A3-5481-4553-8B62-019578D8C9D4}
		{8A94676A-1507-433B-BCE4-0E36FB50B75B} = {631C43A3-5481-4553-8B62-019578D8C9D4}
		{46DFFCA0-D14F-4846-BB28-7E5F3BF6AB4F} = {631C43A3-5481-4553-8B62-019578D8C9D4}
		{E304A2A6-897C-48E6-AAEE-C454B1C3AEED} = {631C43A3-5481-4553-8B62-019578D8C9D4}
	EndGlobalSection
	GlobalSection(ExtensibilityGlobals) = postSolution
		SolutionGuid = {1C6FD557-EB32-4155-98C5-DEDAD2965582}
	EndGlobalSection
EndGlobal
